// !$*UTF8*$!
{
	archiveVersion = 1;
	classes = {
	};
	objectVersion = 46;
	objects = {

/* Begin PBXBuildFile section */
		BF63C1D01CFEBE2200E1DB51 /* AppDelegate.swift in Sources */ = {isa = PBXBuildFile; fileRef = BF63C1CF1CFEBE2200E1DB51 /* AppDelegate.swift */; };
		BF63C1D51CFEBE2200E1DB51 /* Main.storyboard in Resources */ = {isa = PBXBuildFile; fileRef = BF63C1D31CFEBE2200E1DB51 /* Main.storyboard */; };
		BF63C2081CFEBFB500E1DB51 /* Roboto-Light.ttf in Resources */ = {isa = PBXBuildFile; fileRef = BF63C1EB1CFEBFB400E1DB51 /* Roboto-Light.ttf */; };
		BF63C2161CFEBFB500E1DB51 /* Raleway-Light.ttf in Resources */ = {isa = PBXBuildFile; fileRef = BF63C1F91CFEBFB500E1DB51 /* Raleway-Light.ttf */; };
		BF63C2171CFEBFB500E1DB51 /* Raleway-Medium.ttf in Resources */ = {isa = PBXBuildFile; fileRef = BF63C1FA1CFEBFB500E1DB51 /* Raleway-Medium.ttf */; };
		BF63C2181CFEBFB500E1DB51 /* Roboto-Medium.ttf in Resources */ = {isa = PBXBuildFile; fileRef = BF63C1FB1CFEBFB500E1DB51 /* Roboto-Medium.ttf */; };
		BF63C21A1CFEBFB500E1DB51 /* close_icon.png in Resources */ = {isa = PBXBuildFile; fileRef = BF63C1FE1CFEBFB500E1DB51 /* close_icon.png */; };
		BF63C21B1CFEBFB500E1DB51 /* question.png in Resources */ = {isa = PBXBuildFile; fileRef = BF63C1FF1CFEBFB500E1DB51 /* question.png */; };
		BF63C21C1CFEBFB500E1DB51 /* settings.png in Resources */ = {isa = PBXBuildFile; fileRef = BF63C2001CFEBFB500E1DB51 /* settings.png */; };
		BF63C21D1CFEBFB500E1DB51 /* shiny-sunrise.png in Resources */ = {isa = PBXBuildFile; fileRef = BF63C2011CFEBFB500E1DB51 /* shiny-sunrise.png */; };
		BF63C21E1CFEBFB500E1DB51 /* sundown.png in Resources */ = {isa = PBXBuildFile; fileRef = BF63C2021CFEBFB500E1DB51 /* sundown.png */; };
		BF63C2221CFEC07700E1DB51 /* MainViewController.swift in Sources */ = {isa = PBXBuildFile; fileRef = BF63C2211CFEC07700E1DB51 /* MainViewController.swift */; };
		BF63C2241CFEC35F00E1DB51 /* PrayerTableViewCell.swift in Sources */ = {isa = PBXBuildFile; fileRef = BF63C2231CFEC35F00E1DB51 /* PrayerTableViewCell.swift */; };
		BF63C2331CFEC56200E1DB51 /* CommonUtils.swift in Sources */ = {isa = PBXBuildFile; fileRef = BF63C22A1CFEC56200E1DB51 /* CommonUtils.swift */; };
		BF63C2341CFEC56200E1DB51 /* AKPrayerTime.swift in Sources */ = {isa = PBXBuildFile; fileRef = BF63C22C1CFEC56200E1DB51 /* AKPrayerTime.swift */; };
		BF63C2351CFEC56200E1DB51 /* .gitkeep in Resources */ = {isa = PBXBuildFile; fileRef = BF63C22E1CFEC56200E1DB51 /* .gitkeep */; };
		BF63C2361CFEC56200E1DB51 /* timezones.json in Resources */ = {isa = PBXBuildFile; fileRef = BF63C22F1CFEC56200E1DB51 /* timezones.json */; };
		BF63C2371CFEC56200E1DB51 /* LocalNotificationHelper.swift in Sources */ = {isa = PBXBuildFile; fileRef = BF63C2301CFEC56200E1DB51 /* LocalNotificationHelper.swift */; };
		BF63C2381CFEC56200E1DB51 /* Reach.swift in Sources */ = {isa = PBXBuildFile; fileRef = BF63C2311CFEC56200E1DB51 /* Reach.swift */; };
		BF63C2391CFEC56200E1DB51 /* TimeZoneLocate.swift in Sources */ = {isa = PBXBuildFile; fileRef = BF63C2321CFEC56200E1DB51 /* TimeZoneLocate.swift */; };
		BF63C23F1CFECEB900E1DB51 /* MainUtils.swift in Sources */ = {isa = PBXBuildFile; fileRef = BF63C23E1CFECEB900E1DB51 /* MainUtils.swift */; };
		BF63C2411CFEDAF600E1DB51 /* LocationService.swift in Sources */ = {isa = PBXBuildFile; fileRef = BF63C2401CFEDAF600E1DB51 /* LocationService.swift */; };
		BF63C2441CFEDBE400E1DB51 /* CoreLocation.framework in Frameworks */ = {isa = PBXBuildFile; fileRef = BF63C2431CFEDBE400E1DB51 /* CoreLocation.framework */; };
		BF6DE8661D028802003BB7BA /* Assets.xcassets in Resources */ = {isa = PBXBuildFile; fileRef = BF6DE8651D028802003BB7BA /* Assets.xcassets */; };
		BF6F3B761D01B4AA00B4B1AD /* Raleway-Thin.ttf in Resources */ = {isa = PBXBuildFile; fileRef = BF6F3B751D01B49C00B4B1AD /* Raleway-Thin.ttf */; };
		BF7BAD351D01ABD700894E59 /* Roboto-Thin.ttf in Resources */ = {isa = PBXBuildFile; fileRef = BF7BAD341D01AB9900894E59 /* Roboto-Thin.ttf */; };
		BFDA14361D01782500E8B7E9 /* LoadingViewController.swift in Sources */ = {isa = PBXBuildFile; fileRef = BFDA14351D01782500E8B7E9 /* LoadingViewController.swift */; };
/* End PBXBuildFile section */

/* Begin PBXFileReference section */
		BF63C1CC1CFEBE2100E1DB51 /* Mawaqeet.app */ = {isa = PBXFileReference; explicitFileType = wrapper.application; includeInIndex = 0; path = Mawaqeet.app; sourceTree = BUILT_PRODUCTS_DIR; };
		BF63C1CF1CFEBE2200E1DB51 /* AppDelegate.swift */ = {isa = PBXFileReference; lastKnownFileType = sourcecode.swift; path = AppDelegate.swift; sourceTree = "<group>"; };
		BF63C1DB1CFEBE2200E1DB51 /* Info.plist */ = {isa = PBXFileReference; lastKnownFileType = text.plist.xml; path = Info.plist; sourceTree = "<group>"; };
		BF63C1EB1CFEBFB400E1DB51 /* Roboto-Light.ttf */ = {isa = PBXFileReference; lastKnownFileType = file; name = "Roboto-Light.ttf"; path = "fonts-roboto/Roboto-Light.ttf"; sourceTree = "<group>"; };
		BF63C1F91CFEBFB500E1DB51 /* Raleway-Light.ttf */ = {isa = PBXFileReference; lastKnownFileType = file; path = "Raleway-Light.ttf"; sourceTree = "<group>"; };
		BF63C1FA1CFEBFB500E1DB51 /* Raleway-Medium.ttf */ = {isa = PBXFileReference; lastKnownFileType = file; path = "Raleway-Medium.ttf"; sourceTree = "<group>"; };
		BF63C1FB1CFEBFB500E1DB51 /* Roboto-Medium.ttf */ = {isa = PBXFileReference; lastKnownFileType = file; path = "Roboto-Medium.ttf"; sourceTree = "<group>"; };
		BF63C1FE1CFEBFB500E1DB51 /* close_icon.png */ = {isa = PBXFileReference; lastKnownFileType = image.png; path = close_icon.png; sourceTree = "<group>"; };
		BF63C1FF1CFEBFB500E1DB51 /* question.png */ = {isa = PBXFileReference; lastKnownFileType = image.png; path = question.png; sourceTree = "<group>"; };
		BF63C2001CFEBFB500E1DB51 /* settings.png */ = {isa = PBXFileReference; lastKnownFileType = image.png; path = settings.png; sourceTree = "<group>"; };
		BF63C2011CFEBFB500E1DB51 /* shiny-sunrise.png */ = {isa = PBXFileReference; lastKnownFileType = image.png; path = "shiny-sunrise.png"; sourceTree = "<group>"; };
		BF63C2021CFEBFB500E1DB51 /* sundown.png */ = {isa = PBXFileReference; lastKnownFileType = image.png; path = sundown.png; sourceTree = "<group>"; };
		BF63C2211CFEC07700E1DB51 /* MainViewController.swift */ = {isa = PBXFileReference; fileEncoding = 4; lastKnownFileType = sourcecode.swift; name = MainViewController.swift; path = Controllers/MainViewController.swift; sourceTree = "<group>"; };
		BF63C2231CFEC35F00E1DB51 /* PrayerTableViewCell.swift */ = {isa = PBXFileReference; fileEncoding = 4; lastKnownFileType = sourcecode.swift; name = PrayerTableViewCell.swift; path = Controllers/PrayerTableViewCell.swift; sourceTree = "<group>"; };
		BF63C22A1CFEC56200E1DB51 /* CommonUtils.swift */ = {isa = PBXFileReference; fileEncoding = 4; lastKnownFileType = sourcecode.swift; path = CommonUtils.swift; sourceTree = "<group>"; };
		BF63C22C1CFEC56200E1DB51 /* AKPrayerTime.swift */ = {isa = PBXFileReference; fileEncoding = 4; lastKnownFileType = sourcecode.swift; path = AKPrayerTime.swift; sourceTree = "<group>"; };
		BF63C22E1CFEC56200E1DB51 /* .gitkeep */ = {isa = PBXFileReference; fileEncoding = 4; lastKnownFileType = text; path = .gitkeep; sourceTree = "<group>"; };
		BF63C22F1CFEC56200E1DB51 /* timezones.json */ = {isa = PBXFileReference; fileEncoding = 4; lastKnownFileType = text.json; path = timezones.json; sourceTree = "<group>"; };
		BF63C2301CFEC56200E1DB51 /* LocalNotificationHelper.swift */ = {isa = PBXFileReference; fileEncoding = 4; lastKnownFileType = sourcecode.swift; path = LocalNotificationHelper.swift; sourceTree = "<group>"; };
		BF63C2311CFEC56200E1DB51 /* Reach.swift */ = {isa = PBXFileReference; fileEncoding = 4; lastKnownFileType = sourcecode.swift; path = Reach.swift; sourceTree = "<group>"; };
		BF63C2321CFEC56200E1DB51 /* TimeZoneLocate.swift */ = {isa = PBXFileReference; fileEncoding = 4; lastKnownFileType = sourcecode.swift; path = TimeZoneLocate.swift; sourceTree = "<group>"; };
		BF63C23E1CFECEB900E1DB51 /* MainUtils.swift */ = {isa = PBXFileReference; fileEncoding = 4; lastKnownFileType = sourcecode.swift; path = MainUtils.swift; sourceTree = "<group>"; };
		BF63C2401CFEDAF600E1DB51 /* LocationService.swift */ = {isa = PBXFileReference; fileEncoding = 4; lastKnownFileType = sourcecode.swift; path = LocationService.swift; sourceTree = "<group>"; };
		BF63C2431CFEDBE400E1DB51 /* CoreLocation.framework */ = {isa = PBXFileReference; lastKnownFileType = wrapper.framework; name = CoreLocation.framework; path = System/Library/Frameworks/CoreLocation.framework; sourceTree = SDKROOT; };
		BF6DE8651D028802003BB7BA /* Assets.xcassets */ = {isa = PBXFileReference; lastKnownFileType = folder.assetcatalog; path = Assets.xcassets; sourceTree = "<group>"; };
		BF6F3B751D01B49C00B4B1AD /* Raleway-Thin.ttf */ = {isa = PBXFileReference; lastKnownFileType = file; name = "Raleway-Thin.ttf"; path = "Raleway/Raleway-Thin.ttf"; sourceTree = "<group>"; };
		BF7BAD341D01AB9900894E59 /* Roboto-Thin.ttf */ = {isa = PBXFileReference; lastKnownFileType = file; path = "Roboto-Thin.ttf"; sourceTree = "<group>"; };
		BFDA14351D01782500E8B7E9 /* LoadingViewController.swift */ = {isa = PBXFileReference; fileEncoding = 4; lastKnownFileType = sourcecode.swift; name = LoadingViewController.swift; path = Controllers/LoadingViewController.swift; sourceTree = "<group>"; };
		BFFE657C1D06505B0025BC80 /* Base */ = {isa = PBXFileReference; lastKnownFileType = file.storyboard; name = Base; path = Base.lproj/Main.storyboard; sourceTree = "<group>"; };
/* End PBXFileReference section */

/* Begin PBXFrameworksBuildPhase section */
		BF63C1C91CFEBE2100E1DB51 /* Frameworks */ = {
			isa = PBXFrameworksBuildPhase;
			buildActionMask = 2147483647;
			files = (
				BF63C2441CFEDBE400E1DB51 /* CoreLocation.framework in Frameworks */,
			);
			runOnlyForDeploymentPostprocessing = 0;
		};
/* End PBXFrameworksBuildPhase section */

/* Begin PBXGroup section */
		BF63C1C31CFEBE2100E1DB51 = {
			isa = PBXGroup;
			children = (
				BF63C1CE1CFEBE2200E1DB51 /* Mawaqeet */,
				BF63C1CD1CFEBE2100E1DB51 /* Products */,
			);
			sourceTree = "<group>";
			wrapsLines = 1;
		};
		BF63C1CD1CFEBE2100E1DB51 /* Products */ = {
			isa = PBXGroup;
			children = (
				BF63C1CC1CFEBE2100E1DB51 /* Mawaqeet.app */,
			);
			name = Products;
			sourceTree = "<group>";
		};
		BF63C1CE1CFEBE2200E1DB51 /* Mawaqeet */ = {
			isa = PBXGroup;
			children = (
				BF63C1CF1CFEBE2200E1DB51 /* AppDelegate.swift */,
				BF63C2421CFEDBD500E1DB51 /* Frameworks */,
				BF63C2291CFEC56200E1DB51 /* Helper */,
				BF63C22B1CFEC56200E1DB51 /* Library */,
				BF63C2201CFEC06000E1DB51 /* Controllers */,
				BF63C1E31CFEBF9500E1DB51 /* Resources */,
				BF63C21F1CFEBFC000E1DB51 /* Other */,
			);
			path = Mawaqeet;
			sourceTree = "<group>";
		};
		BF63C1E31CFEBF9500E1DB51 /* Resources */ = {
			isa = PBXGroup;
			children = (
				BF63C1D31CFEBE2200E1DB51 /* Main.storyboard */,
				BF6DE8651D028802003BB7BA /* Assets.xcassets */,
				BF63C1E41CFEBFB400E1DB51 /* Font */,
				BF63C1FD1CFEBFB500E1DB51 /* Icon */,
			);
			name = Resources;
			sourceTree = "<group>";
		};
		BF63C1E41CFEBFB400E1DB51 /* Font */ = {
			isa = PBXGroup;
			children = (
				BF63C1F91CFEBFB500E1DB51 /* Raleway-Light.ttf */,
				BF6F3B751D01B49C00B4B1AD /* Raleway-Thin.ttf */,
				BF63C1EB1CFEBFB400E1DB51 /* Roboto-Light.ttf */,
				BF63C1FA1CFEBFB500E1DB51 /* Raleway-Medium.ttf */,
				BF7BAD341D01AB9900894E59 /* Roboto-Thin.ttf */,
				BF63C1FB1CFEBFB500E1DB51 /* Roboto-Medium.ttf */,
			);
			name = Font;
			path = Resources/Font;
			sourceTree = "<group>";
		};
		BF63C1FD1CFEBFB500E1DB51 /* Icon */ = {
			isa = PBXGroup;
			children = (
				BF63C1FE1CFEBFB500E1DB51 /* close_icon.png */,
				BF63C1FF1CFEBFB500E1DB51 /* question.png */,
				BF63C2001CFEBFB500E1DB51 /* settings.png */,
				BF63C2011CFEBFB500E1DB51 /* shiny-sunrise.png */,
				BF63C2021CFEBFB500E1DB51 /* sundown.png */,
			);
			name = Icon;
			path = Resources/Icon;
			sourceTree = "<group>";
		};
		BF63C21F1CFEBFC000E1DB51 /* Other */ = {
			isa = PBXGroup;
			children = (
				BF63C1DB1CFEBE2200E1DB51 /* Info.plist */,
			);
			name = Other;
			sourceTree = "<group>";
		};
		BF63C2201CFEC06000E1DB51 /* Controllers */ = {
			isa = PBXGroup;
			children = (
				BF63C2211CFEC07700E1DB51 /* MainViewController.swift */,
				BF63C2231CFEC35F00E1DB51 /* PrayerTableViewCell.swift */,
				BFDA14351D01782500E8B7E9 /* LoadingViewController.swift */,
			);
			name = Controllers;
			sourceTree = "<group>";
		};
		BF63C2291CFEC56200E1DB51 /* Helper */ = {
			isa = PBXGroup;
			children = (
				BF63C22A1CFEC56200E1DB51 /* CommonUtils.swift */,
				BF63C23E1CFECEB900E1DB51 /* MainUtils.swift */,
			);
			path = Helper;
			sourceTree = "<group>";
		};
		BF63C22B1CFEC56200E1DB51 /* Library */ = {
			isa = PBXGroup;
			children = (
				BF63C22C1CFEC56200E1DB51 /* AKPrayerTime.swift */,
				BF63C2401CFEDAF600E1DB51 /* LocationService.swift */,
				BF63C22D1CFEC56200E1DB51 /* Assets */,
				BF63C2301CFEC56200E1DB51 /* LocalNotificationHelper.swift */,
				BF63C2311CFEC56200E1DB51 /* Reach.swift */,
				BF63C2321CFEC56200E1DB51 /* TimeZoneLocate.swift */,
			);
			path = Library;
			sourceTree = "<group>";
		};
		BF63C22D1CFEC56200E1DB51 /* Assets */ = {
			isa = PBXGroup;
			children = (
				BF63C22E1CFEC56200E1DB51 /* .gitkeep */,
				BF63C22F1CFEC56200E1DB51 /* timezones.json */,
			);
			path = Assets;
			sourceTree = "<group>";
		};
		BF63C2421CFEDBD500E1DB51 /* Frameworks */ = {
			isa = PBXGroup;
			children = (
				BF63C2431CFEDBE400E1DB51 /* CoreLocation.framework */,
			);
			name = Frameworks;
			sourceTree = "<group>";
		};
/* End PBXGroup section */

/* Begin PBXNativeTarget section */
		BF63C1CB1CFEBE2100E1DB51 /* Mawaqeet */ = {
			isa = PBXNativeTarget;
			buildConfigurationList = BF63C1DE1CFEBE2200E1DB51 /* Build configuration list for PBXNativeTarget "Mawaqeet" */;
			buildPhases = (
				BF63C1C81CFEBE2100E1DB51 /* Sources */,
				BF63C1C91CFEBE2100E1DB51 /* Frameworks */,
				BF63C1CA1CFEBE2100E1DB51 /* Resources */,
			);
			buildRules = (
			);
			dependencies = (
			);
			name = Mawaqeet;
			productName = Mawaqeet;
			productReference = BF63C1CC1CFEBE2100E1DB51 /* Mawaqeet.app */;
			productType = "com.apple.product-type.application";
		};
/* End PBXNativeTarget section */

/* Begin PBXProject section */
		BF63C1C41CFEBE2100E1DB51 /* Project object */ = {
			isa = PBXProject;
			attributes = {
				LastSwiftUpdateCheck = 0730;
				LastUpgradeCheck = 0730;
				ORGANIZATIONNAME = super;
				TargetAttributes = {
					BF63C1CB1CFEBE2100E1DB51 = {
						CreatedOnToolsVersion = 7.3;
						DevelopmentTeam = D2WEKYD65B;
						SystemCapabilities = {
							com.apple.BackgroundModes = {
								enabled = 0;
							};
						};
					};
				};
			};
			buildConfigurationList = BF63C1C71CFEBE2100E1DB51 /* Build configuration list for PBXProject "Mawaqeet" */;
			compatibilityVersion = "Xcode 3.2";
			developmentRegion = English;
			hasScannedForEncodings = 0;
			knownRegions = (
				en,
				Base,
			);
			mainGroup = BF63C1C31CFEBE2100E1DB51;
			productRefGroup = BF63C1CD1CFEBE2100E1DB51 /* Products */;
			projectDirPath = "";
			projectRoot = "";
			targets = (
				BF63C1CB1CFEBE2100E1DB51 /* Mawaqeet */,
			);
		};
/* End PBXProject section */

/* Begin PBXResourcesBuildPhase section */
		BF63C1CA1CFEBE2100E1DB51 /* Resources */ = {
			isa = PBXResourcesBuildPhase;
			buildActionMask = 2147483647;
			files = (
				BF6F3B761D01B4AA00B4B1AD /* Raleway-Thin.ttf in Resources */,
				BF7BAD351D01ABD700894E59 /* Roboto-Thin.ttf in Resources */,
				BF63C21D1CFEBFB500E1DB51 /* shiny-sunrise.png in Resources */,
				BF63C21E1CFEBFB500E1DB51 /* sundown.png in Resources */,
				BF6DE8661D028802003BB7BA /* Assets.xcassets in Resources */,
				BF63C2361CFEC56200E1DB51 /* timezones.json in Resources */,
				BF63C2351CFEC56200E1DB51 /* .gitkeep in Resources */,
				BF63C1D51CFEBE2200E1DB51 /* Main.storyboard in Resources */,
				BF63C21C1CFEBFB500E1DB51 /* settings.png in Resources */,
				BF63C2181CFEBFB500E1DB51 /* Roboto-Medium.ttf in Resources */,
				BF63C2161CFEBFB500E1DB51 /* Raleway-Light.ttf in Resources */,
				BF63C2081CFEBFB500E1DB51 /* Roboto-Light.ttf in Resources */,
				BF63C21B1CFEBFB500E1DB51 /* question.png in Resources */,
				BF63C21A1CFEBFB500E1DB51 /* close_icon.png in Resources */,
				BF63C2171CFEBFB500E1DB51 /* Raleway-Medium.ttf in Resources */,
			);
			runOnlyForDeploymentPostprocessing = 0;
		};
/* End PBXResourcesBuildPhase section */

/* Begin PBXSourcesBuildPhase section */
		BF63C1C81CFEBE2100E1DB51 /* Sources */ = {
			isa = PBXSourcesBuildPhase;
			buildActionMask = 2147483647;
			files = (
				BF63C2371CFEC56200E1DB51 /* LocalNotificationHelper.swift in Sources */,
				BF63C2241CFEC35F00E1DB51 /* PrayerTableViewCell.swift in Sources */,
				BF63C2411CFEDAF600E1DB51 /* LocationService.swift in Sources */,
				BF63C2391CFEC56200E1DB51 /* TimeZoneLocate.swift in Sources */,
				BF63C2341CFEC56200E1DB51 /* AKPrayerTime.swift in Sources */,
				BF63C23F1CFECEB900E1DB51 /* MainUtils.swift in Sources */,
				BF63C1D01CFEBE2200E1DB51 /* AppDelegate.swift in Sources */,
				BF63C2381CFEC56200E1DB51 /* Reach.swift in Sources */,
				BFDA14361D01782500E8B7E9 /* LoadingViewController.swift in Sources */,
				BF63C2331CFEC56200E1DB51 /* CommonUtils.swift in Sources */,
				BF63C2221CFEC07700E1DB51 /* MainViewController.swift in Sources */,
			);
			runOnlyForDeploymentPostprocessing = 0;
		};
/* End PBXSourcesBuildPhase section */

/* Begin PBXVariantGroup section */
		BF63C1D31CFEBE2200E1DB51 /* Main.storyboard */ = {
			isa = PBXVariantGroup;
			children = (
				BFFE657C1D06505B0025BC80 /* Base */,
			);
			name = Main.storyboard;
			sourceTree = "<group>";
		};
/* End PBXVariantGroup section */

/* Begin XCBuildConfiguration section */
		BF63C1DC1CFEBE2200E1DB51 /* Debug */ = {
			isa = XCBuildConfiguration;
			buildSettings = {
				ALWAYS_SEARCH_USER_PATHS = NO;
				CLANG_ANALYZER_NONNULL = YES;
				CLANG_CXX_LANGUAGE_STANDARD = "gnu++0x";
				CLANG_CXX_LIBRARY = "libc++";
				CLANG_ENABLE_MODULES = YES;
				CLANG_ENABLE_OBJC_ARC = YES;
				CLANG_WARN_BOOL_CONVERSION = YES;
				CLANG_WARN_CONSTANT_CONVERSION = YES;
				CLANG_WARN_DIRECT_OBJC_ISA_USAGE = YES_ERROR;
				CLANG_WARN_EMPTY_BODY = YES;
				CLANG_WARN_ENUM_CONVERSION = YES;
				CLANG_WARN_INT_CONVERSION = YES;
				CLANG_WARN_OBJC_ROOT_CLASS = YES_ERROR;
				CLANG_WARN_UNREACHABLE_CODE = YES;
				CLANG_WARN__DUPLICATE_METHOD_MATCH = YES;
				"CODE_SIGN_IDENTITY[sdk=iphoneos*]" = "iPhone Developer";
				COPY_PHASE_STRIP = NO;
				DEBUG_INFORMATION_FORMAT = dwarf;
				ENABLE_STRICT_OBJC_MSGSEND = YES;
				ENABLE_TESTABILITY = YES;
				GCC_C_LANGUAGE_STANDARD = gnu99;
				GCC_DYNAMIC_NO_PIC = NO;
				GCC_NO_COMMON_BLOCKS = YES;
				GCC_OPTIMIZATION_LEVEL = 0;
				GCC_PREPROCESSOR_DEFINITIONS = (
					"DEBUG=1",
					"$(inherited)",
				);
				GCC_WARN_64_TO_32_BIT_CONVERSION = YES;
				GCC_WARN_ABOUT_RETURN_TYPE = YES_ERROR;
				GCC_WARN_UNDECLARED_SELECTOR = YES;
				GCC_WARN_UNINITIALIZED_AUTOS = YES_AGGRESSIVE;
				GCC_WARN_UNUSED_FUNCTION = YES;
				GCC_WARN_UNUSED_VARIABLE = YES;
				IPHONEOS_DEPLOYMENT_TARGET = 9.3;
				MTL_ENABLE_DEBUG_INFO = YES;
				ONLY_ACTIVE_ARCH = YES;
				SDKROOT = iphoneos;
				SWIFT_OPTIMIZATION_LEVEL = "-Onone";
			};
			name = Debug;
		};
		BF63C1DD1CFEBE2200E1DB51 /* Release */ = {
			isa = XCBuildConfiguration;
			buildSettings = {
				ALWAYS_SEARCH_USER_PATHS = NO;
				CLANG_ANALYZER_NONNULL = YES;
				CLANG_CXX_LANGUAGE_STANDARD = "gnu++0x";
				CLANG_CXX_LIBRARY = "libc++";
				CLANG_ENABLE_MODULES = YES;
				CLANG_ENABLE_OBJC_ARC = YES;
				CLANG_WARN_BOOL_CONVERSION = YES;
				CLANG_WARN_CONSTANT_CONVERSION = YES;
				CLANG_WARN_DIRECT_OBJC_ISA_USAGE = YES_ERROR;
				CLANG_WARN_EMPTY_BODY = YES;
				CLANG_WARN_ENUM_CONVERSION = YES;
				CLANG_WARN_INT_CONVERSION = YES;
				CLANG_WARN_OBJC_ROOT_CLASS = YES_ERROR;
				CLANG_WARN_UNREACHABLE_CODE = YES;
				CLANG_WARN__DUPLICATE_METHOD_MATCH = YES;
				"CODE_SIGN_IDENTITY[sdk=iphoneos*]" = "iPhone Developer";
				COPY_PHASE_STRIP = NO;
				DEBUG_INFORMATION_FORMAT = "dwarf-with-dsym";
				ENABLE_NS_ASSERTIONS = NO;
				ENABLE_STRICT_OBJC_MSGSEND = YES;
				GCC_C_LANGUAGE_STANDARD = gnu99;
				GCC_NO_COMMON_BLOCKS = YES;
				GCC_WARN_64_TO_32_BIT_CONVERSION = YES;
				GCC_WARN_ABOUT_RETURN_TYPE = YES_ERROR;
				GCC_WARN_UNDECLARED_SELECTOR = YES;
				GCC_WARN_UNINITIALIZED_AUTOS = YES_AGGRESSIVE;
				GCC_WARN_UNUSED_FUNCTION = YES;
				GCC_WARN_UNUSED_VARIABLE = YES;
				IPHONEOS_DEPLOYMENT_TARGET = 9.3;
				MTL_ENABLE_DEBUG_INFO = NO;
				SDKROOT = iphoneos;
				VALIDATE_PRODUCT = YES;
			};
			name = Release;
		};
		BF63C1DF1CFEBE2200E1DB51 /* Debug */ = {
			isa = XCBuildConfiguration;
			buildSettings = {
				ASSETCATALOG_COMPILER_APPICON_NAME = AppIcon;
				ASSETCATALOG_COMPILER_LAUNCHIMAGE_NAME = LaunchImage;
				CODE_SIGN_IDENTITY = "iPhone Developer: Emad Alghamdi (FRT3M925A7)";
				"CODE_SIGN_IDENTITY[sdk=iphoneos*]" = "iPhone Developer: Emad Alghamdi (FRT3M925A7)";
				INFOPLIST_FILE = Mawaqeet/Info.plist;
				LD_RUNPATH_SEARCH_PATHS = "$(inherited) @executable_path/Frameworks";
				PRODUCT_BUNDLE_IDENTIFIER = com.mawaqeet.Mawaqeet;
				PRODUCT_NAME = "$(TARGET_NAME)";
				PROVISIONING_PROFILE = "94fc4d10-58b1-4c7a-b42b-c5b86dc0429d";
			};
			name = Debug;
		};
		BF63C1E01CFEBE2200E1DB51 /* Release */ = {
			isa = XCBuildConfiguration;
			buildSettings = {
				ASSETCATALOG_COMPILER_APPICON_NAME = AppIcon;
				ASSETCATALOG_COMPILER_LAUNCHIMAGE_NAME = LaunchImage;
				CODE_SIGN_IDENTITY = "iPhone Developer: Emad Alghamdi (FRT3M925A7)";
				"CODE_SIGN_IDENTITY[sdk=iphoneos*]" = "iPhone Developer: Emad Alghamdi (FRT3M925A7)";
				INFOPLIST_FILE = Mawaqeet/Info.plist;
				LD_RUNPATH_SEARCH_PATHS = "$(inherited) @executable_path/Frameworks";
				PRODUCT_BUNDLE_IDENTIFIER = com.mawaqeet.Mawaqeet;
				PRODUCT_NAME = "$(TARGET_NAME)";
				PROVISIONING_PROFILE = "94fc4d10-58b1-4c7a-b42b-c5b86dc0429d";
			};
			name = Release;
		};
/* End XCBuildConfiguration section */

/* Begin XCConfigurationList section */
		BF63C1C71CFEBE2100E1DB51 /* Build configuration list for PBXProject "Mawaqeet" */ = {
			isa = XCConfigurationList;
			buildConfigurations = (
				BF63C1DC1CFEBE2200E1DB51 /* Debug */,
				BF63C1DD1CFEBE2200E1DB51 /* Release */,
			);
			defaultConfigurationIsVisible = 0;
			defaultConfigurationName = Release;
		};
		BF63C1DE1CFEBE2200E1DB51 /* Build configuration list for PBXNativeTarget "Mawaqeet" */ = {
			isa = XCConfigurationList;
			buildConfigurations = (
				BF63C1DF1CFEBE2200E1DB51 /* Debug */,
				BF63C1E01CFEBE2200E1DB51 /* Release */,
			);
			defaultConfigurationIsVisible = 0;
			defaultConfigurationName = Release;
		};
/* End XCConfigurationList section */
	};
	rootObject = BF63C1C41CFEBE2100E1DB51 /* Project object */;
}
